{
  "name": "proton-bank-web",
  "version": "1.0.0",
  "lockfileVersion": 1,
  "requires": true,
  "dependencies": {
    "base64-url": {
      "version": "1.3.3",
      "resolved": "https://registry.npmjs.org/base64-url/-/base64-url-1.3.3.tgz",
      "integrity": "sha1-+LbFN/CaT8WMmcuG4LDpxhRhog8="
    },
    "is.object": {
      "version": "1.0.0",
      "resolved": "https://registry.npmjs.org/is.object/-/is.object-1.0.0.tgz",
      "integrity": "sha1-5PQRfp8IOzXI31z4F+o++wRS/fo="
    },
    "json-parse-safe": {
      "version": "1.0.5",
      "resolved": "https://registry.npmjs.org/json-parse-safe/-/json-parse-safe-1.0.5.tgz",
      "integrity": "sha512-bA4Wieq0+zN+onjNQh/p0NrCg6w8GUGDbvQ6MBVuBI+XGCg/CQfg5hVFHp7080+zrSJbTxNvQxZ61ENtmb1pYg=="
    },
    "json-web-token": {
      "version": "2.1.3",
      "resolved": "https://registry.npmjs.org/json-web-token/-/json-web-token-2.1.3.tgz",
      "integrity": "sha1-7C4733SB25gMv8Btf/A94hHNeHc=",
      "requires": {
        "base64-url": "^1.2.2",
        "is.object": "^1.0.0",
        "json-parse-safe": "^1.0.3",
        "xtend": "^4.0.1"
      }
    },
    "xtend": {
      "version": "4.0.1",
      "resolved": "https://registry.npmjs.org/xtend/-/xtend-4.0.1.tgz",
      "integrity": "sha1-pcbVMr5lbiPbgg77lDofBJmNY68="
    }
  }
}
